
Microsoft Visual Studio Solution File, Format Version 12.00
# Visual Studio Version 16
VisualStudioVersion = 16.0.32002.261
MinimumVisualStudioVersion = 10.0.40219.1
Project("{9A19103F-16F7-4668-BE54-9A1E7A4F7556}") = "e_TillRemote", "e_TillRemote.csproj", "{B197AF40-C84A-46F8-B395-F690D46AFC82}"
EndProject
Project("{FAE04EC0-301F-11D3-BF4B-00C04F79EFBC}") = "eTill2", "..\eTill2\eTill2.csproj", "{85BD1175-7F1D-485F-BEB9-BE695CDE1BFA}"
EndProject
Project("{9A19103F-16F7-4668-BE54-9A1E7A4F7556}") = "Settings", "..\Settings\Settings.csproj", "{D10EBA84-287E-4342-855A-F99A093CE554}"
EndProject
Global
	GlobalSection(SolutionConfigurationPlatforms) = preSolution
		Debug|Any CPU = Debug|Any CPU
		Release|Any CPU = Release|Any CPU
	EndGlobalSection
	GlobalSection(ProjectConfigurationPlatforms) = postSolution
		{B197AF40-C84A-46F8-B395-F690D46AFC82}.Debug|Any CPU.ActiveCfg = Debug|Any CPU
		{B197AF40-C84A-46F8-B395-F690D46AFC82}.Debug|Any CPU.Build.0 = Debug|Any CPU
		{B197AF40-C84A-46F8-B395-F690D46AFC82}.Release|Any CPU.ActiveCfg = Release|Any CPU
		{B197AF40-C84A-46F8-B395-F690D46AFC82}.Release|Any CPU.Build.0 = Release|Any CPU
		{85BD1175-7F1D-485F-BEB9-BE695CDE1BFA}.Debug|Any CPU.ActiveCfg = Debug|Any CPU
		{85BD1175-7F1D-485F-BEB9-BE695CDE1BFA}.Debug|Any CPU.Build.0 = Debug|Any CPU
		{85BD1175-7F1D-485F-BEB9-BE695CDE1BFA}.Release|Any CPU.ActiveCfg = Release|Any CPU
		{85BD1175-7F1D-485F-BEB9-BE695CDE1BFA}.Release|Any CPU.Build.0 = Release|Any CPU
		{D10EBA84-287E-4342-855A-F99A093CE554}.Debug|Any CPU.ActiveCfg = Debug|Any CPU
		{D10EBA84-287E-4342-855A-F99A093CE554}.Debug|Any CPU.Build.0 = Debug|Any CPU
		{D10EBA84-287E-4342-855A-F99A093CE554}.Release|Any CPU.ActiveCfg = Release|Any CPU
		{D10EBA84-287E-4342-855A-F99A093CE554}.Release|Any CPU.Build.0 = Release|Any CPU
	EndGlobalSection
	GlobalSection(SolutionProperties) = preSolution
		HideSolutionNode = FALSE
	EndGlobalSection
	GlobalSection(ExtensibilityGlobals) = postSolution
		SolutionGuid = {9D824521-2FE1-4E07-AD30-4E0329CF1637}
	EndGlobalSection
EndGlobal
